github.com/cmd-stream/base-go v0.0.0-20250325143652-da24f04b9776 h1:2G7jswFqm7RViC+gfYFBMAnFYu+Tsi70bEzebeV6c/c=
github.com/cmd-stream/base-go v0.0.0-20250325143652-da24f04b9776/go.mod h1:TGNARVuDSdpKjcnmwMEHuXFKBXw+82CO3MdWbnuWrIs=
github.com/cmd-stream/transport-go v0.0.0-20250325202901-2762720a7c55 h1:7ZHtr+9hiwp5CUM0cdfiaaHVMInYrHaybF0QeAJP0Xw=
github.com/cmd-stream/transport-go v0.0.0-20250325202901-2762720a7c55/go.mod h1:mokarEcxUn8hyVijozADaGvJCJOJOUu5KBIjWwRPpMI=
github.com/mus-format/common-go v0.0.0-20250307125743-867bbd6eb59c h1:axAH0WwqkZNIWZIyswO59y63JaymSi9kqy3yybhQTdI=
github.com/mus-format/common-go v0.0.0-20250307125743-867bbd6eb59c/go.mod h1:1hTb8w0YdSGIOU6wNY+e9uXnDZ9OQnUivNtd8cPSdoU=
github.com/mus-format/dts-stream-go v0.9.0 h1:kod0zEu5d7Q+DnGwAQ4zrLMC6Sa8KHEKG1sp6fTK0Ok=
github.com/mus-format/dts-stream-go v0.9.0/go.mod h1:W2K3Lhxic9K9AcKtsCheaA7LVZcKqJmAORyKA/zrtIY=
github.com/mus-format/mus-stream-go v0.7.0 h1:FejG1zOcm7N1kssC7aanlcviUM+S3W4M7enqPdmJlg0=
github.com/mus-format/mus-stream-go v0.7.0/go.mod h1:QKUch4gu6y8vsj4JyMykYqhlOMMLhP8mlL7VrYv1y7s=
github.com/ymz-ncnk/assert v0.0.0-20250123135256-e8b646342be2 h1:NLwsA4VKglgqVsCr837PvmD0DurLgyUdWSN1AsJEDG4=
github.com/ymz-ncnk/assert v0.0.0-20250123135256-e8b646342be2/go.mod h1:+lSOTrCyOPuvc0xuvK4uKhgQ0Ar3U/HJPpJZg73kvgE=
github.com/ymz-ncnk/mok v0.2.0 h1:4xOvkG0EXDlr05ZTSeRzM2q5mbyNbALRqRoI+cTwUyc=
github.com/ymz-ncnk/mok v0.2.0/go.mod h1:VDVVGULp0vdJeD27SgJghOFGyD7w3nX7SDh8TOlvIsY=
golang.org/x/exp v0.0.0-20250305212735-054e65f0b394 h1:nDVHiLt8aIbd/VzvPWN6kSOPE7+F/fNFDSXLVYkE/Iw=
golang.org/x/exp v0.0.0-20250305212735-054e65f0b394/go.mod h1:sIifuuw/Yco/y6yb6+bDNfyeQ/MdPUy/hKEMYQV17cM=
